// !$*UTF8*$!
{
	archiveVersion = 1;
	classes = {
	};
	objectVersion = 46;
	objects = {

/* Begin PBXBuildFile section */
		2376FE3BE9034DA4D49A87EE /* Pods_CoreDataRecorder.framework in Frameworks */ = {isa = PBXBuildFile; fileRef = 21FDF1398E521EE82CCAC363 /* Pods_CoreDataRecorder.framework */; };
		3F2BF31D1DC697E60067E4B6 /* DatabaseController.swift in Sources */ = {isa = PBXBuildFile; fileRef = 3F2BF31C1DC697E60067E4B6 /* DatabaseController.swift */; };
		3F52FAD61DB666C10004C267 /* AppDelegate.swift in Sources */ = {isa = PBXBuildFile; fileRef = 3F52FAD51DB666C10004C267 /* AppDelegate.swift */; };
		3F52FADB1DB666C10004C267 /* Main.storyboard in Resources */ = {isa = PBXBuildFile; fileRef = 3F52FAD91DB666C10004C267 /* Main.storyboard */; };
		3F52FADE1DB666C10004C267 /* CoreDataRecorder.xcdatamodeld in Sources */ = {isa = PBXBuildFile; fileRef = 3F52FADC1DB666C10004C267 /* CoreDataRecorder.xcdatamodeld */; };
		3F52FAE01DB666C20004C267 /* Assets.xcassets in Resources */ = {isa = PBXBuildFile; fileRef = 3F52FADF1DB666C20004C267 /* Assets.xcassets */; };
		3F52FAE31DB666C20004C267 /* LaunchScreen.storyboard in Resources */ = {isa = PBXBuildFile; fileRef = 3F52FAE11DB666C20004C267 /* LaunchScreen.storyboard */; };
		3F52FAED1DB6686E0004C267 /* DetailsEntryViewController.swift in Sources */ = {isa = PBXBuildFile; fileRef = 3F52FAEC1DB6686E0004C267 /* DetailsEntryViewController.swift */; };
		3F52FAF11DB668C20004C267 /* NumbersEntryViewController.swift in Sources */ = {isa = PBXBuildFile; fileRef = 3F52FAF01DB668C20004C267 /* NumbersEntryViewController.swift */; };
		3F52FAF31DB668EE0004C267 /* NumbersEntryView.swift in Sources */ = {isa = PBXBuildFile; fileRef = 3F52FAF21DB668EE0004C267 /* NumbersEntryView.swift */; };
		3F567EC51DCF92ED00242224 /* SummaryTableViewCell.swift in Sources */ = {isa = PBXBuildFile; fileRef = 3F567EC41DCF92ED00242224 /* SummaryTableViewCell.swift */; };
		3F792C1E1DCE413200348DB2 /* SummaryTableViewController.swift in Sources */ = {isa = PBXBuildFile; fileRef = 3F792C1D1DCE413200348DB2 /* SummaryTableViewController.swift */; };
		3F792C201DCE432C00348DB2 /* SummaryViewController.swift in Sources */ = {isa = PBXBuildFile; fileRef = 3F792C1F1DCE432C00348DB2 /* SummaryViewController.swift */; };
		3FA2C8FB1DBBFD6800726921 /* CoreData.framework in Frameworks */ = {isa = PBXBuildFile; fileRef = 3FA2C8FA1DBBFD6800726921 /* CoreData.framework */; };
		3FA2C8FD1DBBFF5400726921 /* libsqlite3.tbd in Frameworks */ = {isa = PBXBuildFile; fileRef = 3FA2C8FC1DBBFF5300726921 /* libsqlite3.tbd */; };
		3FC936241DCB4F1400B6DD8D /* CompletionViewController.swift in Sources */ = {isa = PBXBuildFile; fileRef = 3FC936231DCB4F1400B6DD8D /* CompletionViewController.swift */; };
		3FC936261DCB4F3F00B6DD8D /* CompletionView.swift in Sources */ = {isa = PBXBuildFile; fileRef = 3FC936251DCB4F3F00B6DD8D /* CompletionView.swift */; };
		3FCF43D51DD4D505007781BB /* FirstDetailsEntryViewController.swift in Sources */ = {isa = PBXBuildFile; fileRef = 3FCF43D41DD4D505007781BB /* FirstDetailsEntryViewController.swift */; };
		3FCF43D71DD4D51D007781BB /* SecondDetailsEntryViewController.swift in Sources */ = {isa = PBXBuildFile; fileRef = 3FCF43D61DD4D51D007781BB /* SecondDetailsEntryViewController.swift */; };
		3FD931CF1DC75635009D3952 /* CollectionViewController.swift in Sources */ = {isa = PBXBuildFile; fileRef = 3FD931CE1DC75635009D3952 /* CollectionViewController.swift */; };
		3FD931D31DC7743A009D3952 /* CollectionViewCell.swift in Sources */ = {isa = PBXBuildFile; fileRef = 3FD931D21DC7743A009D3952 /* CollectionViewCell.swift */; };
		3FEC9A331DCA72CA00AF72A9 /* AgeViewController.swift in Sources */ = {isa = PBXBuildFile; fileRef = 3FEC9A321DCA72CA00AF72A9 /* AgeViewController.swift */; };
		3FFF4B3C1DD0C7C200C0B785 /* ProgressButton.swift in Sources */ = {isa = PBXBuildFile; fileRef = 3FFF4B3B1DD0C7C200C0B785 /* ProgressButton.swift */; };
		3FFF4B511DD0EEDD00C0B785 /* Stroke+CoreDataClass.swift in Sources */ = {isa = PBXBuildFile; fileRef = 3FFF4B491DD0EEDD00C0B785 /* Stroke+CoreDataClass.swift */; };
		3FFF4B521DD0EEDD00C0B785 /* Stroke+CoreDataProperties.swift in Sources */ = {isa = PBXBuildFile; fileRef = 3FFF4B4A1DD0EEDD00C0B785 /* Stroke+CoreDataProperties.swift */; };
		3FFF4B531DD0EEDD00C0B785 /* Touch+CoreDataClass.swift in Sources */ = {isa = PBXBuildFile; fileRef = 3FFF4B4B1DD0EEDD00C0B785 /* Touch+CoreDataClass.swift */; };
		3FFF4B541DD0EEDD00C0B785 /* Touch+CoreDataProperties.swift in Sources */ = {isa = PBXBuildFile; fileRef = 3FFF4B4C1DD0EEDD00C0B785 /* Touch+CoreDataProperties.swift */; };
		3FFF4B551DD0EEDD00C0B785 /* Character+CoreDataClass.swift in Sources */ = {isa = PBXBuildFile; fileRef = 3FFF4B4D1DD0EEDD00C0B785 /* Character+CoreDataClass.swift */; };
		3FFF4B561DD0EEDD00C0B785 /* Character+CoreDataProperties.swift in Sources */ = {isa = PBXBuildFile; fileRef = 3FFF4B4E1DD0EEDD00C0B785 /* Character+CoreDataProperties.swift */; };
		3FFF4B571DD0EEDD00C0B785 /* Person+CoreDataClass.swift in Sources */ = {isa = PBXBuildFile; fileRef = 3FFF4B4F1DD0EEDD00C0B785 /* Person+CoreDataClass.swift */; };
		3FFF4B581DD0EEDD00C0B785 /* Person+CoreDataProperties.swift in Sources */ = {isa = PBXBuildFile; fileRef = 3FFF4B501DD0EEDD00C0B785 /* Person+CoreDataProperties.swift */; };
/* End PBXBuildFile section */

/* Begin PBXFileReference section */
		21FDF1398E521EE82CCAC363 /* Pods_CoreDataRecorder.framework */ = {isa = PBXFileReference; explicitFileType = wrapper.framework; includeInIndex = 0; path = Pods_CoreDataRecorder.framework; sourceTree = BUILT_PRODUCTS_DIR; };
		3F2BF31C1DC697E60067E4B6 /* DatabaseController.swift */ = {isa = PBXFileReference; fileEncoding = 4; lastKnownFileType = sourcecode.swift; path = DatabaseController.swift; sourceTree = "<group>"; };
		3F52FAD21DB666C10004C267 /* CoreDataRecorder.app */ = {isa = PBXFileReference; explicitFileType = wrapper.application; includeInIndex = 0; path = CoreDataRecorder.app; sourceTree = BUILT_PRODUCTS_DIR; };
		3F52FAD51DB666C10004C267 /* AppDelegate.swift */ = {isa = PBXFileReference; lastKnownFileType = sourcecode.swift; path = AppDelegate.swift; sourceTree = "<group>"; };
		3F52FADA1DB666C10004C267 /* Base */ = {isa = PBXFileReference; lastKnownFileType = file.storyboard; name = Base; path = Base.lproj/Main.storyboard; sourceTree = "<group>"; };
		3F52FADD1DB666C10004C267 /* CoreDataRecorder.xcdatamodel */ = {isa = PBXFileReference; lastKnownFileType = wrapper.xcdatamodel; path = CoreDataRecorder.xcdatamodel; sourceTree = "<group>"; };
		3F52FADF1DB666C20004C267 /* Assets.xcassets */ = {isa = PBXFileReference; lastKnownFileType = folder.assetcatalog; path = Assets.xcassets; sourceTree = "<group>"; };
		3F52FAE21DB666C20004C267 /* Base */ = {isa = PBXFileReference; lastKnownFileType = file.storyboard; name = Base; path = Base.lproj/LaunchScreen.storyboard; sourceTree = "<group>"; };
		3F52FAE41DB666C20004C267 /* Info.plist */ = {isa = PBXFileReference; lastKnownFileType = text.plist.xml; path = Info.plist; sourceTree = "<group>"; };
		3F52FAEC1DB6686E0004C267 /* DetailsEntryViewController.swift */ = {isa = PBXFileReference; fileEncoding = 4; lastKnownFileType = sourcecode.swift; path = DetailsEntryViewController.swift; sourceTree = "<group>"; };
		3F52FAF01DB668C20004C267 /* NumbersEntryViewController.swift */ = {isa = PBXFileReference; fileEncoding = 4; lastKnownFileType = sourcecode.swift; name = NumbersEntryViewController.swift; path = ../NumbersEntryViewController.swift; sourceTree = "<group>"; };
		3F52FAF21DB668EE0004C267 /* NumbersEntryView.swift */ = {isa = PBXFileReference; fileEncoding = 4; lastKnownFileType = sourcecode.swift; name = NumbersEntryView.swift; path = ../NumbersEntryView.swift; sourceTree = "<group>"; };
		3F567EC41DCF92ED00242224 /* SummaryTableViewCell.swift */ = {isa = PBXFileReference; fileEncoding = 4; lastKnownFileType = sourcecode.swift; path = SummaryTableViewCell.swift; sourceTree = "<group>"; };
		3F792C1D1DCE413200348DB2 /* SummaryTableViewController.swift */ = {isa = PBXFileReference; fileEncoding = 4; lastKnownFileType = sourcecode.swift; name = SummaryTableViewController.swift; path = ../SummaryTableViewController.swift; sourceTree = "<group>"; };
		3F792C1F1DCE432C00348DB2 /* SummaryViewController.swift */ = {isa = PBXFileReference; fileEncoding = 4; lastKnownFileType = sourcecode.swift; path = SummaryViewController.swift; sourceTree = "<group>"; };
		3FA2C8FA1DBBFD6800726921 /* CoreData.framework */ = {isa = PBXFileReference; lastKnownFileType = wrapper.framework; name = CoreData.framework; path = System/Library/Frameworks/CoreData.framework; sourceTree = SDKROOT; };
		3FA2C8FC1DBBFF5300726921 /* libsqlite3.tbd */ = {isa = PBXFileReference; lastKnownFileType = "sourcecode.text-based-dylib-definition"; name = libsqlite3.tbd; path = usr/lib/libsqlite3.tbd; sourceTree = SDKROOT; };
		3FC936231DCB4F1400B6DD8D /* CompletionViewController.swift */ = {isa = PBXFileReference; fileEncoding = 4; lastKnownFileType = sourcecode.swift; path = CompletionViewController.swift; sourceTree = "<group>"; };
		3FC936251DCB4F3F00B6DD8D /* CompletionView.swift */ = {isa = PBXFileReference; fileEncoding = 4; lastKnownFileType = sourcecode.swift; path = CompletionView.swift; sourceTree = "<group>"; };
		3FCF43D41DD4D505007781BB /* FirstDetailsEntryViewController.swift */ = {isa = PBXFileReference; fileEncoding = 4; lastKnownFileType = sourcecode.swift; path = FirstDetailsEntryViewController.swift; sourceTree = "<group>"; };
		3FCF43D61DD4D51D007781BB /* SecondDetailsEntryViewController.swift */ = {isa = PBXFileReference; fileEncoding = 4; lastKnownFileType = sourcecode.swift; path = SecondDetailsEntryViewController.swift; sourceTree = "<group>"; };
		3FD931CE1DC75635009D3952 /* CollectionViewController.swift */ = {isa = PBXFileReference; fileEncoding = 4; lastKnownFileType = sourcecode.swift; name = CollectionViewController.swift; path = ../CollectionViewController.swift; sourceTree = "<group>"; };
		3FD931D21DC7743A009D3952 /* CollectionViewCell.swift */ = {isa = PBXFileReference; fileEncoding = 4; lastKnownFileType = sourcecode.swift; path = CollectionViewCell.swift; sourceTree = "<group>"; };
		3FEC9A321DCA72CA00AF72A9 /* AgeViewController.swift */ = {isa = PBXFileReference; fileEncoding = 4; lastKnownFileType = sourcecode.swift; path = AgeViewController.swift; sourceTree = "<group>"; };
		3FFF4B3B1DD0C7C200C0B785 /* ProgressButton.swift */ = {isa = PBXFileReference; fileEncoding = 4; lastKnownFileType = sourcecode.swift; path = ProgressButton.swift; sourceTree = "<group>"; };
		3FFF4B491DD0EEDD00C0B785 /* Stroke+CoreDataClass.swift */ = {isa = PBXFileReference; fileEncoding = 4; lastKnownFileType = sourcecode.swift; name = "Stroke+CoreDataClass.swift"; path = "../Stroke+CoreDataClass.swift"; sourceTree = "<group>"; };
		3FFF4B4A1DD0EEDD00C0B785 /* Stroke+CoreDataProperties.swift */ = {isa = PBXFileReference; fileEncoding = 4; lastKnownFileType = sourcecode.swift; name = "Stroke+CoreDataProperties.swift"; path = "../Stroke+CoreDataProperties.swift"; sourceTree = "<group>"; };
		3FFF4B4B1DD0EEDD00C0B785 /* Touch+CoreDataClass.swift */ = {isa = PBXFileReference; fileEncoding = 4; lastKnownFileType = sourcecode.swift; name = "Touch+CoreDataClass.swift"; path = "../Touch+CoreDataClass.swift"; sourceTree = "<group>"; };
		3FFF4B4C1DD0EEDD00C0B785 /* Touch+CoreDataProperties.swift */ = {isa = PBXFileReference; fileEncoding = 4; lastKnownFileType = sourcecode.swift; name = "Touch+CoreDataProperties.swift"; path = "../Touch+CoreDataProperties.swift"; sourceTree = "<group>"; };
		3FFF4B4D1DD0EEDD00C0B785 /* Character+CoreDataClass.swift */ = {isa = PBXFileReference; fileEncoding = 4; lastKnownFileType = sourcecode.swift; name = "Character+CoreDataClass.swift"; path = "../Character+CoreDataClass.swift"; sourceTree = "<group>"; };
		3FFF4B4E1DD0EEDD00C0B785 /* Character+CoreDataProperties.swift */ = {isa = PBXFileReference; fileEncoding = 4; lastKnownFileType = sourcecode.swift; name = "Character+CoreDataProperties.swift"; path = "../Character+CoreDataProperties.swift"; sourceTree = "<group>"; };
		3FFF4B4F1DD0EEDD00C0B785 /* Person+CoreDataClass.swift */ = {isa = PBXFileReference; fileEncoding = 4; lastKnownFileType = sourcecode.swift; name = "Person+CoreDataClass.swift"; path = "../Person+CoreDataClass.swift"; sourceTree = "<group>"; };
		3FFF4B501DD0EEDD00C0B785 /* Person+CoreDataProperties.swift */ = {isa = PBXFileReference; fileEncoding = 4; lastKnownFileType = sourcecode.swift; name = "Person+CoreDataProperties.swift"; path = "../Person+CoreDataProperties.swift"; sourceTree = "<group>"; };
		8FCD3CC671AF3CE004BC8BA0 /* Pods-CoreDataRecorder.debug.xcconfig */ = {isa = PBXFileReference; includeInIndex = 1; lastKnownFileType = text.xcconfig; name = "Pods-CoreDataRecorder.debug.xcconfig"; path = "Pods/Target Support Files/Pods-CoreDataRecorder/Pods-CoreDataRecorder.debug.xcconfig"; sourceTree = "<group>"; };
		99A96ED7C22DD0B5D55CCDAD /* Pods-CoreDataRecorder.release.xcconfig */ = {isa = PBXFileReference; includeInIndex = 1; lastKnownFileType = text.xcconfig; name = "Pods-CoreDataRecorder.release.xcconfig"; path = "Pods/Target Support Files/Pods-CoreDataRecorder/Pods-CoreDataRecorder.release.xcconfig"; sourceTree = "<group>"; };
/* End PBXFileReference section */

/* Begin PBXFrameworksBuildPhase section */
		3F52FACF1DB666C10004C267 /* Frameworks */ = {
			isa = PBXFrameworksBuildPhase;
			buildActionMask = 2147483647;
			files = (
				3FA2C8FD1DBBFF5400726921 /* libsqlite3.tbd in Frameworks */,
				3FA2C8FB1DBBFD6800726921 /* CoreData.framework in Frameworks */,
				2376FE3BE9034DA4D49A87EE /* Pods_CoreDataRecorder.framework in Frameworks */,
			);
			runOnlyForDeploymentPostprocessing = 0;
		};
/* End PBXFrameworksBuildPhase section */

/* Begin PBXGroup section */
		3F2BF31E1DC69BE80067E4B6 /* Models */ = {
			isa = PBXGroup;
			children = (
				3FFF4B491DD0EEDD00C0B785 /* Stroke+CoreDataClass.swift */,
				3FFF4B4A1DD0EEDD00C0B785 /* Stroke+CoreDataProperties.swift */,
				3FFF4B4B1DD0EEDD00C0B785 /* Touch+CoreDataClass.swift */,
				3FFF4B4C1DD0EEDD00C0B785 /* Touch+CoreDataProperties.swift */,
				3FFF4B4D1DD0EEDD00C0B785 /* Character+CoreDataClass.swift */,
				3FFF4B4E1DD0EEDD00C0B785 /* Character+CoreDataProperties.swift */,
				3FFF4B4F1DD0EEDD00C0B785 /* Person+CoreDataClass.swift */,
				3FFF4B501DD0EEDD00C0B785 /* Person+CoreDataProperties.swift */,
			);
			name = Models;
			sourceTree = "<group>";
		};
		3F52FAC91DB666C10004C267 = {
			isa = PBXGroup;
			children = (
				3F52FAD41DB666C10004C267 /* CoreDataRecorder */,
				3F52FAD31DB666C10004C267 /* Products */,
				3FA2C8F91DBBFD6800726921 /* Frameworks */,
				BABAD6980D865F4403A8D809 /* Pods */,
			);
			sourceTree = "<group>";
		};
		3F52FAD31DB666C10004C267 /* Products */ = {
			isa = PBXGroup;
			children = (
				3F52FAD21DB666C10004C267 /* CoreDataRecorder.app */,
			);
			name = Products;
			sourceTree = "<group>";
		};
		3F52FAD41DB666C10004C267 /* CoreDataRecorder */ = {
			isa = PBXGroup;
			children = (
				3F52FAD51DB666C10004C267 /* AppDelegate.swift */,
				3F2BF31C1DC697E60067E4B6 /* DatabaseController.swift */,
				3FEC9A321DCA72CA00AF72A9 /* AgeViewController.swift */,
				3FCF43D41DD4D505007781BB /* FirstDetailsEntryViewController.swift */,
				3FCF43D61DD4D51D007781BB /* SecondDetailsEntryViewController.swift */,
				3F52FAEC1DB6686E0004C267 /* DetailsEntryViewController.swift */,
				3F52FAF01DB668C20004C267 /* NumbersEntryViewController.swift */,
				3F52FAF21DB668EE0004C267 /* NumbersEntryView.swift */,
				3FD931CE1DC75635009D3952 /* CollectionViewController.swift */,
				3FD931D21DC7743A009D3952 /* CollectionViewCell.swift */,
				3F792C1F1DCE432C00348DB2 /* SummaryViewController.swift */,
				3F792C1D1DCE413200348DB2 /* SummaryTableViewController.swift */,
				3F567EC41DCF92ED00242224 /* SummaryTableViewCell.swift */,
				3FFF4B3B1DD0C7C200C0B785 /* ProgressButton.swift */,
				3FC936231DCB4F1400B6DD8D /* CompletionViewController.swift */,
				3FC936251DCB4F3F00B6DD8D /* CompletionView.swift */,
				3F2BF31E1DC69BE80067E4B6 /* Models */,
				3F52FAD91DB666C10004C267 /* Main.storyboard */,
				3F52FADF1DB666C20004C267 /* Assets.xcassets */,
				3F52FAE41DB666C20004C267 /* Info.plist */,
				3F52FADC1DB666C10004C267 /* CoreDataRecorder.xcdatamodeld */,
				3F52FAE11DB666C20004C267 /* LaunchScreen.storyboard */,
			);
			path = CoreDataRecorder;
			sourceTree = "<group>";
		};
		3FA2C8F91DBBFD6800726921 /* Frameworks */ = {
			isa = PBXGroup;
			children = (
				3FA2C8FC1DBBFF5300726921 /* libsqlite3.tbd */,
				3FA2C8FA1DBBFD6800726921 /* CoreData.framework */,
				21FDF1398E521EE82CCAC363 /* Pods_CoreDataRecorder.framework */,
			);
			name = Frameworks;
			sourceTree = "<group>";
		};
		BABAD6980D865F4403A8D809 /* Pods */ = {
			isa = PBXGroup;
			children = (
				8FCD3CC671AF3CE004BC8BA0 /* Pods-CoreDataRecorder.debug.xcconfig */,
				99A96ED7C22DD0B5D55CCDAD /* Pods-CoreDataRecorder.release.xcconfig */,
			);
			name = Pods;
			sourceTree = "<group>";
		};
/* End PBXGroup section */

/* Begin PBXNativeTarget section */
		3F52FAD11DB666C10004C267 /* CoreDataRecorder */ = {
			isa = PBXNativeTarget;
			buildConfigurationList = 3F52FAE71DB666C20004C267 /* Build configuration list for PBXNativeTarget "CoreDataRecorder" */;
			buildPhases = (
				0A512B604162F46FB910D7BB /* [CP] Check Pods Manifest.lock */,
				3F52FACE1DB666C10004C267 /* Sources */,
				3F52FACF1DB666C10004C267 /* Frameworks */,
				3F52FAD01DB666C10004C267 /* Resources */,
				2C49AC72BB4CA233B05D3482 /* [CP] Embed Pods Frameworks */,
				455D2FB5731727A6F8F0925B /* [CP] Copy Pods Resources */,
			);
			buildRules = (
			);
			dependencies = (
			);
			name = CoreDataRecorder;
			productName = CoreDataRecorder;
			productReference = 3F52FAD21DB666C10004C267 /* CoreDataRecorder.app */;
			productType = "com.apple.product-type.application";
		};
/* End PBXNativeTarget section */

/* Begin PBXProject section */
		3F52FACA1DB666C10004C267 /* Project object */ = {
			isa = PBXProject;
			attributes = {
				LastSwiftUpdateCheck = 0800;
				LastUpgradeCheck = 0800;
				ORGANIZATIONNAME = UCD;
				TargetAttributes = {
					3F52FAD11DB666C10004C267 = {
						CreatedOnToolsVersion = 8.0;
						DevelopmentTeam = 842L4E68Q9;
						ProvisioningStyle = Automatic;
					};
				};
			};
			buildConfigurationList = 3F52FACD1DB666C10004C267 /* Build configuration list for PBXProject "CoreDataRecorder" */;
			compatibilityVersion = "Xcode 3.2";
			developmentRegion = English;
			hasScannedForEncodings = 0;
			knownRegions = (
				en,
				Base,
			);
			mainGroup = 3F52FAC91DB666C10004C267;
			productRefGroup = 3F52FAD31DB666C10004C267 /* Products */;
			projectDirPath = "";
			projectRoot = "";
			targets = (
				3F52FAD11DB666C10004C267 /* CoreDataRecorder */,
			);
		};
/* End PBXProject section */

/* Begin PBXResourcesBuildPhase section */
		3F52FAD01DB666C10004C267 /* Resources */ = {
			isa = PBXResourcesBuildPhase;
			buildActionMask = 2147483647;
			files = (
				3F52FAE31DB666C20004C267 /* LaunchScreen.storyboard in Resources */,
				3F52FAE01DB666C20004C267 /* Assets.xcassets in Resources */,
				3F52FADB1DB666C10004C267 /* Main.storyboard in Resources */,
			);
			runOnlyForDeploymentPostprocessing = 0;
		};
/* End PBXResourcesBuildPhase section */

/* Begin PBXShellScriptBuildPhase section */
		0A512B604162F46FB910D7BB /* [CP] Check Pods Manifest.lock */ = {
			isa = PBXShellScriptBuildPhase;
			buildActionMask = 2147483647;
			files = (
			);
			inputPaths = (
			);
			name = "[CP] Check Pods Manifest.lock";
			outputPaths = (
			);
			runOnlyForDeploymentPostprocessing = 0;
			shellPath = /bin/sh;
			shellScript = "diff \"${PODS_ROOT}/../Podfile.lock\" \"${PODS_ROOT}/Manifest.lock\" > /dev/null\nif [ $? != 0 ] ; then\n    # print error to STDERR\n    echo \"error: The sandbox is not in sync with the Podfile.lock. Run 'pod install' or update your CocoaPods installation.\" >&2\n    exit 1\nfi\n";
			showEnvVarsInLog = 0;
		};
		2C49AC72BB4CA233B05D3482 /* [CP] Embed Pods Frameworks */ = {
			isa = PBXShellScriptBuildPhase;
			buildActionMask = 2147483647;
			files = (
			);
			inputPaths = (
			);
			name = "[CP] Embed Pods Frameworks";
			outputPaths = (
			);
			runOnlyForDeploymentPostprocessing = 0;
			shellPath = /bin/sh;
			shellScript = "\"${SRCROOT}/Pods/Target Support Files/Pods-CoreDataRecorder/Pods-CoreDataRecorder-frameworks.sh\"\n";
			showEnvVarsInLog = 0;
		};
		455D2FB5731727A6F8F0925B /* [CP] Copy Pods Resources */ = {
			isa = PBXShellScriptBuildPhase;
			buildActionMask = 2147483647;
			files = (
			);
			inputPaths = (
			);
			name = "[CP] Copy Pods Resources";
			outputPaths = (
			);
			runOnlyForDeploymentPostprocessing = 0;
			shellPath = /bin/sh;
			shellScript = "\"${SRCROOT}/Pods/Target Support Files/Pods-CoreDataRecorder/Pods-CoreDataRecorder-resources.sh\"\n";
			showEnvVarsInLog = 0;
		};
/* End PBXShellScriptBuildPhase section */

/* Begin PBXSourcesBuildPhase section */
		3F52FACE1DB666C10004C267 /* Sources */ = {
			isa = PBXSourcesBuildPhase;
			buildActionMask = 2147483647;
			files = (
				3F792C1E1DCE413200348DB2 /* SummaryTableViewController.swift in Sources */,
				3FFF4B541DD0EEDD00C0B785 /* Touch+CoreDataProperties.swift in Sources */,
				3FFF4B511DD0EEDD00C0B785 /* Stroke+CoreDataClass.swift in Sources */,
				3FC936261DCB4F3F00B6DD8D /* CompletionView.swift in Sources */,
				3F2BF31D1DC697E60067E4B6 /* DatabaseController.swift in Sources */,
				3FFF4B3C1DD0C7C200C0B785 /* ProgressButton.swift in Sources */,
				3F567EC51DCF92ED00242224 /* SummaryTableViewCell.swift in Sources */,
				3FC936241DCB4F1400B6DD8D /* CompletionViewController.swift in Sources */,
				3FD931D31DC7743A009D3952 /* CollectionViewCell.swift in Sources */,
				3FFF4B551DD0EEDD00C0B785 /* Character+CoreDataClass.swift in Sources */,
				3F792C201DCE432C00348DB2 /* SummaryViewController.swift in Sources */,
				3FFF4B531DD0EEDD00C0B785 /* Touch+CoreDataClass.swift in Sources */,
				3FFF4B571DD0EEDD00C0B785 /* Person+CoreDataClass.swift in Sources */,
				3FEC9A331DCA72CA00AF72A9 /* AgeViewController.swift in Sources */,
				3FFF4B581DD0EEDD00C0B785 /* Person+CoreDataProperties.swift in Sources */,
				3FCF43D51DD4D505007781BB /* FirstDetailsEntryViewController.swift in Sources */,
				3FFF4B521DD0EEDD00C0B785 /* Stroke+CoreDataProperties.swift in Sources */,
				3FFF4B561DD0EEDD00C0B785 /* Character+CoreDataProperties.swift in Sources */,
				3F52FAF31DB668EE0004C267 /* NumbersEntryView.swift in Sources */,
				3F52FAF11DB668C20004C267 /* NumbersEntryViewController.swift in Sources */,
				3FCF43D71DD4D51D007781BB /* SecondDetailsEntryViewController.swift in Sources */,
				3F52FADE1DB666C10004C267 /* CoreDataRecorder.xcdatamodeld in Sources */,
				3F52FAD61DB666C10004C267 /* AppDelegate.swift in Sources */,
				3F52FAED1DB6686E0004C267 /* DetailsEntryViewController.swift in Sources */,
				3FD931CF1DC75635009D3952 /* CollectionViewController.swift in Sources */,
			);
			runOnlyForDeploymentPostprocessing = 0;
		};
/* End PBXSourcesBuildPhase section */

/* Begin PBXVariantGroup section */
		3F52FAD91DB666C10004C267 /* Main.storyboard */ = {
			isa = PBXVariantGroup;
			children = (
				3F52FADA1DB666C10004C267 /* Base */,
			);
			name = Main.storyboard;
			sourceTree = "<group>";
		};
		3F52FAE11DB666C20004C267 /* LaunchScreen.storyboard */ = {
			isa = PBXVariantGroup;
			children = (
				3F52FAE21DB666C20004C267 /* Base */,
			);
			name = LaunchScreen.storyboard;
			sourceTree = "<group>";
		};
/* End PBXVariantGroup section */

/* Begin XCBuildConfiguration section */
		3F52FAE51DB666C20004C267 /* Debug */ = {
			isa = XCBuildConfiguration;
			buildSettings = {
				ALWAYS_SEARCH_USER_PATHS = NO;
				CLANG_ANALYZER_NONNULL = YES;
				CLANG_CXX_LANGUAGE_STANDARD = "gnu++0x";
				CLANG_CXX_LIBRARY = "libc++";
				CLANG_ENABLE_MODULES = YES;
				CLANG_ENABLE_OBJC_ARC = YES;
				CLANG_WARN_BOOL_CONVERSION = YES;
				CLANG_WARN_CONSTANT_CONVERSION = YES;
				CLANG_WARN_DIRECT_OBJC_ISA_USAGE = YES_ERROR;
				CLANG_WARN_DOCUMENTATION_COMMENTS = YES;
				CLANG_WARN_EMPTY_BODY = YES;
				CLANG_WARN_ENUM_CONVERSION = YES;
				CLANG_WARN_INFINITE_RECURSION = YES;
				CLANG_WARN_INT_CONVERSION = YES;
				CLANG_WARN_OBJC_ROOT_CLASS = YES_ERROR;
				CLANG_WARN_SUSPICIOUS_MOVE = YES;
				CLANG_WARN_SUSPICIOUS_MOVES = YES;
				CLANG_WARN_UNREACHABLE_CODE = YES;
				CLANG_WARN__DUPLICATE_METHOD_MATCH = YES;
				"CODE_SIGN_IDENTITY[sdk=iphoneos*]" = "iPhone Developer";
				COPY_PHASE_STRIP = NO;
				DEBUG_INFORMATION_FORMAT = dwarf;
				ENABLE_STRICT_OBJC_MSGSEND = YES;
				ENABLE_TESTABILITY = YES;
				GCC_C_LANGUAGE_STANDARD = gnu99;
				GCC_DYNAMIC_NO_PIC = NO;
				GCC_NO_COMMON_BLOCKS = YES;
				GCC_OPTIMIZATION_LEVEL = 0;
				GCC_PREPROCESSOR_DEFINITIONS = (
					"DEBUG=1",
					"$(inherited)",
				);
				GCC_WARN_64_TO_32_BIT_CONVERSION = YES;
				GCC_WARN_ABOUT_RETURN_TYPE = YES_ERROR;
				GCC_WARN_UNDECLARED_SELECTOR = YES;
				GCC_WARN_UNINITIALIZED_AUTOS = YES_AGGRESSIVE;
				GCC_WARN_UNUSED_FUNCTION = YES;
				GCC_WARN_UNUSED_VARIABLE = YES;
				IPHONEOS_DEPLOYMENT_TARGET = 10.0;
				MTL_ENABLE_DEBUG_INFO = YES;
				ONLY_ACTIVE_ARCH = YES;
				SDKROOT = iphoneos;
				SWIFT_ACTIVE_COMPILATION_CONDITIONS = DEBUG;
				SWIFT_OPTIMIZATION_LEVEL = "-Onone";
				TARGETED_DEVICE_FAMILY = "1,2";
			};
			name = Debug;
		};
		3F52FAE61DB666C20004C267 /* Release */ = {
			isa = XCBuildConfiguration;
			buildSettings = {
				ALWAYS_SEARCH_USER_PATHS = NO;
				CLANG_ANALYZER_NONNULL = YES;
				CLANG_CXX_LANGUAGE_STANDARD = "gnu++0x";
				CLANG_CXX_LIBRARY = "libc++";
				CLANG_ENABLE_MODULES = YES;
				CLANG_ENABLE_OBJC_ARC = YES;
				CLANG_WARN_BOOL_CONVERSION = YES;
				CLANG_WARN_CONSTANT_CONVERSION = YES;
				CLANG_WARN_DIRECT_OBJC_ISA_USAGE = YES_ERROR;
				CLANG_WARN_DOCUMENTATION_COMMENTS = YES;
				CLANG_WARN_EMPTY_BODY = YES;
				CLANG_WARN_ENUM_CONVERSION = YES;
				CLANG_WARN_INFINITE_RECURSION = YES;
				CLANG_WARN_INT_CONVERSION = YES;
				CLANG_WARN_OBJC_ROOT_CLASS = YES_ERROR;
				CLANG_WARN_SUSPICIOUS_MOVE = YES;
				CLANG_WARN_SUSPICIOUS_MOVES = YES;
				CLANG_WARN_UNREACHABLE_CODE = YES;
				CLANG_WARN__DUPLICATE_METHOD_MATCH = YES;
				"CODE_SIGN_IDENTITY[sdk=iphoneos*]" = "iPhone Developer";
				COPY_PHASE_STRIP = NO;
				DEBUG_INFORMATION_FORMAT = "dwarf-with-dsym";
				ENABLE_NS_ASSERTIONS = NO;
				ENABLE_STRICT_OBJC_MSGSEND = YES;
				GCC_C_LANGUAGE_STANDARD = gnu99;
				GCC_NO_COMMON_BLOCKS = YES;
				GCC_WARN_64_TO_32_BIT_CONVERSION = YES;
				GCC_WARN_ABOUT_RETURN_TYPE = YES_ERROR;
				GCC_WARN_UNDECLARED_SELECTOR = YES;
				GCC_WARN_UNINITIALIZED_AUTOS = YES_AGGRESSIVE;
				GCC_WARN_UNUSED_FUNCTION = YES;
				GCC_WARN_UNUSED_VARIABLE = YES;
				IPHONEOS_DEPLOYMENT_TARGET = 10.0;
				MTL_ENABLE_DEBUG_INFO = NO;
				SDKROOT = iphoneos;
				SWIFT_OPTIMIZATION_LEVEL = "-Owholemodule";
				TARGETED_DEVICE_FAMILY = "1,2";
				VALIDATE_PRODUCT = YES;
			};
			name = Release;
		};
		3F52FAE81DB666C20004C267 /* Debug */ = {
			isa = XCBuildConfiguration;
			baseConfigurationReference = 8FCD3CC671AF3CE004BC8BA0 /* Pods-CoreDataRecorder.debug.xcconfig */;
			buildSettings = {
				ALWAYS_EMBED_SWIFT_STANDARD_LIBRARIES = YES;
				ASSETCATALOG_COMPILER_APPICON_NAME = AppIcon;
				DEVELOPMENT_TEAM = 842L4E68Q9;
				INFOPLIST_FILE = CoreDataRecorder/Info.plist;
				LD_RUNPATH_SEARCH_PATHS = "$(inherited) @executable_path/Frameworks";
				PRODUCT_BUNDLE_IDENTIFIER = edu.ucd.12318581.CoreDataRecorder;
				PRODUCT_NAME = "$(TARGET_NAME)";
				SWIFT_VERSION = 3.0;
				TARGETED_DEVICE_FAMILY = "1,2";
			};
			name = Debug;
		};
		3F52FAE91DB666C20004C267 /* Release */ = {
			isa = XCBuildConfiguration;
			baseConfigurationReference = 99A96ED7C22DD0B5D55CCDAD /* Pods-CoreDataRecorder.release.xcconfig */;
			buildSettings = {
				ALWAYS_EMBED_SWIFT_STANDARD_LIBRARIES = YES;
				ASSETCATALOG_COMPILER_APPICON_NAME = AppIcon;
				DEVELOPMENT_TEAM = 842L4E68Q9;
				INFOPLIST_FILE = CoreDataRecorder/Info.plist;
				LD_RUNPATH_SEARCH_PATHS = "$(inherited) @executable_path/Frameworks";
				PRODUCT_BUNDLE_IDENTIFIER = edu.ucd.12318581.CoreDataRecorder;
				PRODUCT_NAME = "$(TARGET_NAME)";
				SWIFT_VERSION = 3.0;
				TARGETED_DEVICE_FAMILY = "1,2";
			};
			name = Release;
		};
/* End XCBuildConfiguration section */

/* Begin XCConfigurationList section */
		3F52FACD1DB666C10004C267 /* Build configuration list for PBXProject "CoreDataRecorder" */ = {
			isa = XCConfigurationList;
			buildConfigurations = (
				3F52FAE51DB666C20004C267 /* Debug */,
				3F52FAE61DB666C20004C267 /* Release */,
			);
			defaultConfigurationIsVisible = 0;
			defaultConfigurationName = Release;
		};
		3F52FAE71DB666C20004C267 /* Build configuration list for PBXNativeTarget "CoreDataRecorder" */ = {
			isa = XCConfigurationList;
			buildConfigurations = (
				3F52FAE81DB666C20004C267 /* Debug */,
				3F52FAE91DB666C20004C267 /* Release */,
			);
			defaultConfigurationIsVisible = 0;
			defaultConfigurationName = Release;
		};
/* End XCConfigurationList section */

/* Begin XCVersionGroup section */
		3F52FADC1DB666C10004C267 /* CoreDataRecorder.xcdatamodeld */ = {
			isa = XCVersionGroup;
			children = (
				3F52FADD1DB666C10004C267 /* CoreDataRecorder.xcdatamodel */,
			);
			currentVersion = 3F52FADD1DB666C10004C267 /* CoreDataRecorder.xcdatamodel */;
			path = CoreDataRecorder.xcdatamodeld;
			sourceTree = "<group>";
			versionGroupType = wrapper.xcdatamodel;
		};
/* End XCVersionGroup section */
	};
	rootObject = 3F52FACA1DB666C10004C267 /* Project object */;
}
